
Microsoft Visual Studio Solution File, Format Version 12.00
# Visual Studio Version 17
VisualStudioVersion = 17.11.35303.130
MinimumVisualStudioVersion = 10.0.40219.1
Project("{FAE04EC0-301F-11D3-BF4B-00C04F79EFBC}") = "FullCarProject", "FullCarProject\FullCarProject.csproj", "{C650881C-B5E1-4FE6-A83E-7E110888D816}"
EndProject
Project("{FAE04EC0-301F-11D3-BF4B-00C04F79EFBC}") = "Entity", "Entity\Entity.csproj", "{4F24E8C9-6151-4B6F-93EF-F0EBA00E10AA}"
EndProject
Project("{FAE04EC0-301F-11D3-BF4B-00C04F79EFBC}") = "Repository", "Repository\Repository.csproj", "{0F53C2AF-4BF4-4706-906E-5E07E1BCE295}"
EndProject
Global
	GlobalSection(SolutionConfigurationPlatforms) = preSolution
		Debug|Any CPU = Debug|Any CPU
		Release|Any CPU = Release|Any CPU
	EndGlobalSection
	GlobalSection(ProjectConfigurationPlatforms) = postSolution
		{C650881C-B5E1-4FE6-A83E-7E110888D816}.Debug|Any CPU.ActiveCfg = Debug|Any CPU
		{C650881C-B5E1-4FE6-A83E-7E110888D816}.Debug|Any CPU.Build.0 = Debug|Any CPU
		{C650881C-B5E1-4FE6-A83E-7E110888D816}.Release|Any CPU.ActiveCfg = Release|Any CPU
		{C650881C-B5E1-4FE6-A83E-7E110888D816}.Release|Any CPU.Build.0 = Release|Any CPU
		{4F24E8C9-6151-4B6F-93EF-F0EBA00E10AA}.Debug|Any CPU.ActiveCfg = Debug|Any CPU
		{4F24E8C9-6151-4B6F-93EF-F0EBA00E10AA}.Debug|Any CPU.Build.0 = Debug|Any CPU
		{4F24E8C9-6151-4B6F-93EF-F0EBA00E10AA}.Release|Any CPU.ActiveCfg = Release|Any CPU
		{4F24E8C9-6151-4B6F-93EF-F0EBA00E10AA}.Release|Any CPU.Build.0 = Release|Any CPU
		{0F53C2AF-4BF4-4706-906E-5E07E1BCE295}.Debug|Any CPU.ActiveCfg = Debug|Any CPU
		{0F53C2AF-4BF4-4706-906E-5E07E1BCE295}.Debug|Any CPU.Build.0 = Debug|Any CPU
		{0F53C2AF-4BF4-4706-906E-5E07E1BCE295}.Release|Any CPU.ActiveCfg = Release|Any CPU
		{0F53C2AF-4BF4-4706-906E-5E07E1BCE295}.Release|Any CPU.Build.0 = Release|Any CPU
	EndGlobalSection
	GlobalSection(SolutionProperties) = preSolution
		HideSolutionNode = FALSE
	EndGlobalSection
	GlobalSection(ExtensibilityGlobals) = postSolution
		SolutionGuid = {41DE8E0B-243B-4B81-89E5-16C2E9DC5B18}
	EndGlobalSection
EndGlobal
